
Microsoft Visual Studio Solution File, Format Version 12.00
# Visual Studio Version 17
VisualStudioVersion = 17.0.32112.339
MinimumVisualStudioVersion = 10.0.40219.1
Project("{8BC9CEB8-8B4A-11D0-8D11-00A0C91BC942}") = "Lab1.Task1", "Lab1.Task1\Lab1.Task1.vcxproj", "{ACD452E9-7461-49A1-A3C1-887383A3214B}"
EndProject
Project("{8BC9CEB8-8B4A-11D0-8D11-00A0C91BC942}") = "Lab1.Task2", "Lab1.Task2\Lab1.Task2.vcxproj", "{71EF892C-3EA1-496D-9EE8-F2C6B00C521F}"
EndProject
Project("{8BC9CEB8-8B4A-11D0-8D11-00A0C91BC942}") = "Lab1.Task3", "Lab1.Task3\Lab1.Task3.vcxproj", "{D7773FB3-C156-42BA-8C98-F8098F6F537B}"
EndProject
Project("{8BC9CEB8-8B4A-11D0-8D11-00A0C91BC942}") = "Lab2.Task1", "Lab2.Task1\Lab2.Task1.vcxproj", "{36A23057-F809-4795-B08A-93CFAF107FAB}"
EndProject
Project("{8BC9CEB8-8B4A-11D0-8D11-00A0C91BC942}") = "Lab2.Task2", "Lab2.Task2\Lab2.Task2.vcxproj", "{B08194B5-F48B-4CD1-B9B8-152B91A3A865}"
EndProject
Project("{8BC9CEB8-8B4A-11D0-8D11-00A0C91BC942}") = "Lab2.Task3", "Lab2.Task3\Lab2.Task3.vcxproj", "{6F25F342-40B9-48CF-AFFE-189811ABBFBE}"
EndProject
Project("{8BC9CEB8-8B4A-11D0-8D11-00A0C91BC942}") = "Lab2.Task4", "Lab2.Task4\Lab2.Task4.vcxproj", "{638AFBDA-55AB-4324-AF59-9CA60B2FB0FF}"
EndProject
Project("{8BC9CEB8-8B4A-11D0-8D11-00A0C91BC942}") = "Lab2.Task5", "Lab2.Task5\Lab2.Task5.vcxproj", "{29338CD9-85A7-4FB8-8BAC-370774D14470}"
EndProject
Project("{8BC9CEB8-8B4A-11D0-8D11-00A0C91BC942}") = "Lab3.Task1", "Lab3.Task1\Lab3.Task1.vcxproj", "{4BB0C825-694B-46E7-BF6D-5FC8862991C8}"
EndProject
Project("{8BC9CEB8-8B4A-11D0-8D11-00A0C91BC942}") = "Lab3.Task2", "Lab3.Task2\Lab3.Task2.vcxproj", "{D2791690-131C-41D9-8FDB-59AB2C631F7D}"
EndProject
Project("{8BC9CEB8-8B4A-11D0-8D11-00A0C91BC942}") = "Lab3.Task3", "Lab3.Task3\Lab3.Task3.vcxproj", "{38443F3C-DB72-4EFB-AE98-B3E677530B59}"
EndProject
Project("{8BC9CEB8-8B4A-11D0-8D11-00A0C91BC942}") = "Lab3.Task4", "Lab3.Task4\Lab3.Task4.vcxproj", "{177FC0EF-C3F9-4983-8024-FBDF30FF102D}"
EndProject
Project("{8BC9CEB8-8B4A-11D0-8D11-00A0C91BC942}") = "Lab3.Task5", "Lab3.Task5\Lab3.Task5.vcxproj", "{E1D02CDB-860E-4B4C-A012-C91D754DCAFF}"
EndProject
Project("{8BC9CEB8-8B4A-11D0-8D11-00A0C91BC942}") = "Lab4.Task1", "Lab4.Task1\Lab4.Task1.vcxproj", "{039DFD7E-33E7-4728-912F-D9A26D8B0E7A}"
EndProject
Project("{8BC9CEB8-8B4A-11D0-8D11-00A0C91BC942}") = "Lab4.Task2", "Lab4.Task2\Lab4.Task2.vcxproj", "{7043B7B9-BDC6-4C3E-B72E-553A60532E10}"
EndProject
Project("{8BC9CEB8-8B4A-11D0-8D11-00A0C91BC942}") = "Lab4.Task3", "Lab4.Task3\Lab4.Task3.vcxproj", "{BDF83BBA-1BCD-4913-93B1-8A5121024627}"
EndProject
Project("{8BC9CEB8-8B4A-11D0-8D11-00A0C91BC942}") = "Lab5", "Lab5\Lab5.vcxproj", "{6430584A-BF21-4146-AAAD-4C6154FF429B}"
EndProject
Project("{8BC9CEB8-8B4A-11D0-8D11-00A0C91BC942}") = "Lab7.Task1", "Lab7.Task1\Lab7.Task1.vcxproj", "{595FB6A4-5001-4C11-91D5-98F1BFDC8416}"
EndProject
Project("{8BC9CEB8-8B4A-11D0-8D11-00A0C91BC942}") = "Lab6.Task1", "Lab6.Task1\Lab6.Task1.vcxproj", "{2964958F-C2B9-45B4-98C5-3BB7F92154A1}"
EndProject
Project("{8BC9CEB8-8B4A-11D0-8D11-00A0C91BC942}") = "Lab6.Task2", "Lab6.Task2\Lab6.Task2.vcxproj", "{E2631AE3-0981-4FEB-B03E-7214BDCE1C4B}"
EndProject
Project("{8BC9CEB8-8B4A-11D0-8D11-00A0C91BC942}") = "Lab6.Task3", "Lab6.Task3\Lab6.Task3.vcxproj", "{62841FAD-B736-40BA-AC61-E2CE0AC35DB9}"
EndProject
Global
	GlobalSection(SolutionConfigurationPlatforms) = preSolution
		Debug|x64 = Debug|x64
		Debug|x86 = Debug|x86
		Release|x64 = Release|x64
		Release|x86 = Release|x86
	EndGlobalSection
	GlobalSection(ProjectConfigurationPlatforms) = postSolution
		{ACD452E9-7461-49A1-A3C1-887383A3214B}.Debug|x64.ActiveCfg = Debug|x64
		{ACD452E9-7461-49A1-A3C1-887383A3214B}.Debug|x64.Build.0 = Debug|x64
		{ACD452E9-7461-49A1-A3C1-887383A3214B}.Debug|x86.ActiveCfg = Debug|Win32
		{ACD452E9-7461-49A1-A3C1-887383A3214B}.Debug|x86.Build.0 = Debug|Win32
		{ACD452E9-7461-49A1-A3C1-887383A3214B}.Release|x64.ActiveCfg = Release|x64
		{ACD452E9-7461-49A1-A3C1-887383A3214B}.Release|x64.Build.0 = Release|x64
		{ACD452E9-7461-49A1-A3C1-887383A3214B}.Release|x86.ActiveCfg = Release|Win32
		{ACD452E9-7461-49A1-A3C1-887383A3214B}.Release|x86.Build.0 = Release|Win32
		{71EF892C-3EA1-496D-9EE8-F2C6B00C521F}.Debug|x64.ActiveCfg = Debug|x64
		{71EF892C-3EA1-496D-9EE8-F2C6B00C521F}.Debug|x64.Build.0 = Debug|x64
		{71EF892C-3EA1-496D-9EE8-F2C6B00C521F}.Debug|x86.ActiveCfg = Debug|Win32
		{71EF892C-3EA1-496D-9EE8-F2C6B00C521F}.Debug|x86.Build.0 = Debug|Win32
		{71EF892C-3EA1-496D-9EE8-F2C6B00C521F}.Release|x64.ActiveCfg = Release|x64
		{71EF892C-3EA1-496D-9EE8-F2C6B00C521F}.Release|x64.Build.0 = Release|x64
		{71EF892C-3EA1-496D-9EE8-F2C6B00C521F}.Release|x86.ActiveCfg = Release|Win32
		{71EF892C-3EA1-496D-9EE8-F2C6B00C521F}.Release|x86.Build.0 = Release|Win32
		{D7773FB3-C156-42BA-8C98-F8098F6F537B}.Debug|x64.ActiveCfg = Debug|x64
		{D7773FB3-C156-42BA-8C98-F8098F6F537B}.Debug|x64.Build.0 = Debug|x64
		{D7773FB3-C156-42BA-8C98-F8098F6F537B}.Debug|x86.ActiveCfg = Debug|Win32
		{D7773FB3-C156-42BA-8C98-F8098F6F537B}.Debug|x86.Build.0 = Debug|Win32
		{D7773FB3-C156-42BA-8C98-F8098F6F537B}.Release|x64.ActiveCfg = Release|x64
		{D7773FB3-C156-42BA-8C98-F8098F6F537B}.Release|x64.Build.0 = Release|x64
		{D7773FB3-C156-42BA-8C98-F8098F6F537B}.Release|x86.ActiveCfg = Release|Win32
		{D7773FB3-C156-42BA-8C98-F8098F6F537B}.Release|x86.Build.0 = Release|Win32
		{36A23057-F809-4795-B08A-93CFAF107FAB}.Debug|x64.ActiveCfg = Debug|x64
		{36A23057-F809-4795-B08A-93CFAF107FAB}.Debug|x64.Build.0 = Debug|x64
		{36A23057-F809-4795-B08A-93CFAF107FAB}.Debug|x86.ActiveCfg = Debug|Win32
		{36A23057-F809-4795-B08A-93CFAF107FAB}.Debug|x86.Build.0 = Debug|Win32
		{36A23057-F809-4795-B08A-93CFAF107FAB}.Release|x64.ActiveCfg = Release|x64
		{36A23057-F809-4795-B08A-93CFAF107FAB}.Release|x64.Build.0 = Release|x64
		{36A23057-F809-4795-B08A-93CFAF107FAB}.Release|x86.ActiveCfg = Release|Win32
		{36A23057-F809-4795-B08A-93CFAF107FAB}.Release|x86.Build.0 = Release|Win32
		{B08194B5-F48B-4CD1-B9B8-152B91A3A865}.Debug|x64.ActiveCfg = Debug|x64
		{B08194B5-F48B-4CD1-B9B8-152B91A3A865}.Debug|x64.Build.0 = Debug|x64
		{B08194B5-F48B-4CD1-B9B8-152B91A3A865}.Debug|x86.ActiveCfg = Debug|Win32
		{B08194B5-F48B-4CD1-B9B8-152B91A3A865}.Debug|x86.Build.0 = Debug|Win32
		{B08194B5-F48B-4CD1-B9B8-152B91A3A865}.Release|x64.ActiveCfg = Release|x64
		{B08194B5-F48B-4CD1-B9B8-152B91A3A865}.Release|x64.Build.0 = Release|x64
		{B08194B5-F48B-4CD1-B9B8-152B91A3A865}.Release|x86.ActiveCfg = Release|Win32
		{B08194B5-F48B-4CD1-B9B8-152B91A3A865}.Release|x86.Build.0 = Release|Win32
		{6F25F342-40B9-48CF-AFFE-189811ABBFBE}.Debug|x64.ActiveCfg = Debug|x64
		{6F25F342-40B9-48CF-AFFE-189811ABBFBE}.Debug|x64.Build.0 = Debug|x64
		{6F25F342-40B9-48CF-AFFE-189811ABBFBE}.Debug|x86.ActiveCfg = Debug|Win32
		{6F25F342-40B9-48CF-AFFE-189811ABBFBE}.Debug|x86.Build.0 = Debug|Win32
		{6F25F342-40B9-48CF-AFFE-189811ABBFBE}.Release|x64.ActiveCfg = Release|x64
		{6F25F342-40B9-48CF-AFFE-189811ABBFBE}.Release|x64.Build.0 = Release|x64
		{6F25F342-40B9-48CF-AFFE-189811ABBFBE}.Release|x86.ActiveCfg = Release|Win32
		{6F25F342-40B9-48CF-AFFE-189811ABBFBE}.Release|x86.Build.0 = Release|Win32
		{638AFBDA-55AB-4324-AF59-9CA60B2FB0FF}.Debug|x64.ActiveCfg = Debug|x64
		{638AFBDA-55AB-4324-AF59-9CA60B2FB0FF}.Debug|x64.Build.0 = Debug|x64
		{638AFBDA-55AB-4324-AF59-9CA60B2FB0FF}.Debug|x86.ActiveCfg = Debug|Win32
		{638AFBDA-55AB-4324-AF59-9CA60B2FB0FF}.Debug|x86.Build.0 = Debug|Win32
		{638AFBDA-55AB-4324-AF59-9CA60B2FB0FF}.Release|x64.ActiveCfg = Release|x64
		{638AFBDA-55AB-4324-AF59-9CA60B2FB0FF}.Release|x64.Build.0 = Release|x64
		{638AFBDA-55AB-4324-AF59-9CA60B2FB0FF}.Release|x86.ActiveCfg = Release|Win32
		{638AFBDA-55AB-4324-AF59-9CA60B2FB0FF}.Release|x86.Build.0 = Release|Win32
		{29338CD9-85A7-4FB8-8BAC-370774D14470}.Debug|x64.ActiveCfg = Debug|x64
		{29338CD9-85A7-4FB8-8BAC-370774D14470}.Debug|x64.Build.0 = Debug|x64
		{29338CD9-85A7-4FB8-8BAC-370774D14470}.Debug|x86.ActiveCfg = Debug|Win32
		{29338CD9-85A7-4FB8-8BAC-370774D14470}.Debug|x86.Build.0 = Debug|Win32
		{29338CD9-85A7-4FB8-8BAC-370774D14470}.Release|x64.ActiveCfg = Release|x64
		{29338CD9-85A7-4FB8-8BAC-370774D14470}.Release|x64.Build.0 = Release|x64
		{29338CD9-85A7-4FB8-8BAC-370774D14470}.Release|x86.ActiveCfg = Release|Win32
		{29338CD9-85A7-4FB8-8BAC-370774D14470}.Release|x86.Build.0 = Release|Win32
		{4BB0C825-694B-46E7-BF6D-5FC8862991C8}.Debug|x64.ActiveCfg = Debug|x64
		{4BB0C825-694B-46E7-BF6D-5FC8862991C8}.Debug|x64.Build.0 = Debug|x64
		{4BB0C825-694B-46E7-BF6D-5FC8862991C8}.Debug|x86.ActiveCfg = Debug|Win32
		{4BB0C825-694B-46E7-BF6D-5FC8862991C8}.Debug|x86.Build.0 = Debug|Win32
		{4BB0C825-694B-46E7-BF6D-5FC8862991C8}.Release|x64.ActiveCfg = Release|x64
		{4BB0C825-694B-46E7-BF6D-5FC8862991C8}.Release|x64.Build.0 = Release|x64
		{4BB0C825-694B-46E7-BF6D-5FC8862991C8}.Release|x86.ActiveCfg = Release|Win32
		{4BB0C825-694B-46E7-BF6D-5FC8862991C8}.Release|x86.Build.0 = Release|Win32
		{D2791690-131C-41D9-8FDB-59AB2C631F7D}.Debug|x64.ActiveCfg = Debug|x64
		{D2791690-131C-41D9-8FDB-59AB2C631F7D}.Debug|x64.Build.0 = Debug|x64
		{D2791690-131C-41D9-8FDB-59AB2C631F7D}.Debug|x86.ActiveCfg = Debug|Win32
		{D2791690-131C-41D9-8FDB-59AB2C631F7D}.Debug|x86.Build.0 = Debug|Win32
		{D2791690-131C-41D9-8FDB-59AB2C631F7D}.Release|x64.ActiveCfg = Release|x64
		{D2791690-131C-41D9-8FDB-59AB2C631F7D}.Release|x64.Build.0 = Release|x64
		{D2791690-131C-41D9-8FDB-59AB2C631F7D}.Release|x86.ActiveCfg = Release|Win32
		{D2791690-131C-41D9-8FDB-59AB2C631F7D}.Release|x86.Build.0 = Release|Win32
		{38443F3C-DB72-4EFB-AE98-B3E677530B59}.Debug|x64.ActiveCfg = Debug|x64
		{38443F3C-DB72-4EFB-AE98-B3E677530B59}.Debug|x64.Build.0 = Debug|x64
		{38443F3C-DB72-4EFB-AE98-B3E677530B59}.Debug|x86.ActiveCfg = Debug|Win32
		{38443F3C-DB72-4EFB-AE98-B3E677530B59}.Debug|x86.Build.0 = Debug|Win32
		{38443F3C-DB72-4EFB-AE98-B3E677530B59}.Release|x64.ActiveCfg = Release|x64
		{38443F3C-DB72-4EFB-AE98-B3E677530B59}.Release|x64.Build.0 = Release|x64
		{38443F3C-DB72-4EFB-AE98-B3E677530B59}.Release|x86.ActiveCfg = Release|Win32
		{38443F3C-DB72-4EFB-AE98-B3E677530B59}.Release|x86.Build.0 = Release|Win32
		{177FC0EF-C3F9-4983-8024-FBDF30FF102D}.Debug|x64.ActiveCfg = Debug|x64
		{177FC0EF-C3F9-4983-8024-FBDF30FF102D}.Debug|x64.Build.0 = Debug|x64
		{177FC0EF-C3F9-4983-8024-FBDF30FF102D}.Debug|x86.ActiveCfg = Debug|Win32
		{177FC0EF-C3F9-4983-8024-FBDF30FF102D}.Debug|x86.Build.0 = Debug|Win32
		{177FC0EF-C3F9-4983-8024-FBDF30FF102D}.Release|x64.ActiveCfg = Release|x64
		{177FC0EF-C3F9-4983-8024-FBDF30FF102D}.Release|x64.Build.0 = Release|x64
		{177FC0EF-C3F9-4983-8024-FBDF30FF102D}.Release|x86.ActiveCfg = Release|Win32
		{177FC0EF-C3F9-4983-8024-FBDF30FF102D}.Release|x86.Build.0 = Release|Win32
		{E1D02CDB-860E-4B4C-A012-C91D754DCAFF}.Debug|x64.ActiveCfg = Debug|x64
		{E1D02CDB-860E-4B4C-A012-C91D754DCAFF}.Debug|x64.Build.0 = Debug|x64
		{E1D02CDB-860E-4B4C-A012-C91D754DCAFF}.Debug|x86.ActiveCfg = Debug|Win32
		{E1D02CDB-860E-4B4C-A012-C91D754DCAFF}.Debug|x86.Build.0 = Debug|Win32
		{E1D02CDB-860E-4B4C-A012-C91D754DCAFF}.Release|x64.ActiveCfg = Release|x64
		{E1D02CDB-860E-4B4C-A012-C91D754DCAFF}.Release|x64.Build.0 = Release|x64
		{E1D02CDB-860E-4B4C-A012-C91D754DCAFF}.Release|x86.ActiveCfg = Release|Win32
		{E1D02CDB-860E-4B4C-A012-C91D754DCAFF}.Release|x86.Build.0 = Release|Win32
		{039DFD7E-33E7-4728-912F-D9A26D8B0E7A}.Debug|x64.ActiveCfg = Debug|x64
		{039DFD7E-33E7-4728-912F-D9A26D8B0E7A}.Debug|x64.Build.0 = Debug|x64
		{039DFD7E-33E7-4728-912F-D9A26D8B0E7A}.Debug|x86.ActiveCfg = Debug|Win32
		{039DFD7E-33E7-4728-912F-D9A26D8B0E7A}.Debug|x86.Build.0 = Debug|Win32
		{039DFD7E-33E7-4728-912F-D9A26D8B0E7A}.Release|x64.ActiveCfg = Release|x64
		{039DFD7E-33E7-4728-912F-D9A26D8B0E7A}.Release|x64.Build.0 = Release|x64
		{039DFD7E-33E7-4728-912F-D9A26D8B0E7A}.Release|x86.ActiveCfg = Release|Win32
		{039DFD7E-33E7-4728-912F-D9A26D8B0E7A}.Release|x86.Build.0 = Release|Win32
		{7043B7B9-BDC6-4C3E-B72E-553A60532E10}.Debug|x64.ActiveCfg = Debug|x64
		{7043B7B9-BDC6-4C3E-B72E-553A60532E10}.Debug|x64.Build.0 = Debug|x64
		{7043B7B9-BDC6-4C3E-B72E-553A60532E10}.Debug|x86.ActiveCfg = Debug|Win32
		{7043B7B9-BDC6-4C3E-B72E-553A60532E10}.Debug|x86.Build.0 = Debug|Win32
		{7043B7B9-BDC6-4C3E-B72E-553A60532E10}.Release|x64.ActiveCfg = Release|x64
		{7043B7B9-BDC6-4C3E-B72E-553A60532E10}.Release|x64.Build.0 = Release|x64
		{7043B7B9-BDC6-4C3E-B72E-553A60532E10}.Release|x86.ActiveCfg = Release|Win32
		{7043B7B9-BDC6-4C3E-B72E-553A60532E10}.Release|x86.Build.0 = Release|Win32
		{BDF83BBA-1BCD-4913-93B1-8A5121024627}.Debug|x64.ActiveCfg = Debug|x64
		{BDF83BBA-1BCD-4913-93B1-8A5121024627}.Debug|x64.Build.0 = Debug|x64
		{BDF83BBA-1BCD-4913-93B1-8A5121024627}.Debug|x86.ActiveCfg = Debug|Win32
		{BDF83BBA-1BCD-4913-93B1-8A5121024627}.Debug|x86.Build.0 = Debug|Win32
		{BDF83BBA-1BCD-4913-93B1-8A5121024627}.Release|x64.ActiveCfg = Release|x64
		{BDF83BBA-1BCD-4913-93B1-8A5121024627}.Release|x64.Build.0 = Release|x64
		{BDF83BBA-1BCD-4913-93B1-8A5121024627}.Release|x86.ActiveCfg = Release|Win32
		{BDF83BBA-1BCD-4913-93B1-8A5121024627}.Release|x86.Build.0 = Release|Win32
		{6430584A-BF21-4146-AAAD-4C6154FF429B}.Debug|x64.ActiveCfg = Debug|x64
		{6430584A-BF21-4146-AAAD-4C6154FF429B}.Debug|x64.Build.0 = Debug|x64
		{6430584A-BF21-4146-AAAD-4C6154FF429B}.Debug|x86.ActiveCfg = Debug|Win32
		{6430584A-BF21-4146-AAAD-4C6154FF429B}.Debug|x86.Build.0 = Debug|Win32
		{6430584A-BF21-4146-AAAD-4C6154FF429B}.Release|x64.ActiveCfg = Release|x64
		{6430584A-BF21-4146-AAAD-4C6154FF429B}.Release|x64.Build.0 = Release|x64
		{6430584A-BF21-4146-AAAD-4C6154FF429B}.Release|x86.ActiveCfg = Release|Win32
		{6430584A-BF21-4146-AAAD-4C6154FF429B}.Release|x86.Build.0 = Release|Win32
		{595FB6A4-5001-4C11-91D5-98F1BFDC8416}.Debug|x64.ActiveCfg = Debug|x64
		{595FB6A4-5001-4C11-91D5-98F1BFDC8416}.Debug|x64.Build.0 = Debug|x64
		{595FB6A4-5001-4C11-91D5-98F1BFDC8416}.Debug|x86.ActiveCfg = Debug|Win32
		{595FB6A4-5001-4C11-91D5-98F1BFDC8416}.Debug|x86.Build.0 = Debug|Win32
		{595FB6A4-5001-4C11-91D5-98F1BFDC8416}.Release|x64.ActiveCfg = Release|x64
		{595FB6A4-5001-4C11-91D5-98F1BFDC8416}.Release|x64.Build.0 = Release|x64
		{595FB6A4-5001-4C11-91D5-98F1BFDC8416}.Release|x86.ActiveCfg = Release|Win32
		{595FB6A4-5001-4C11-91D5-98F1BFDC8416}.Release|x86.Build.0 = Release|Win32
		{2964958F-C2B9-45B4-98C5-3BB7F92154A1}.Debug|x64.ActiveCfg = Debug|x64
		{2964958F-C2B9-45B4-98C5-3BB7F92154A1}.Debug|x64.Build.0 = Debug|x64
		{2964958F-C2B9-45B4-98C5-3BB7F92154A1}.Debug|x86.ActiveCfg = Debug|Win32
		{2964958F-C2B9-45B4-98C5-3BB7F92154A1}.Debug|x86.Build.0 = Debug|Win32
		{2964958F-C2B9-45B4-98C5-3BB7F92154A1}.Release|x64.ActiveCfg = Release|x64
		{2964958F-C2B9-45B4-98C5-3BB7F92154A1}.Release|x64.Build.0 = Release|x64
		{2964958F-C2B9-45B4-98C5-3BB7F92154A1}.Release|x86.ActiveCfg = Release|Win32
		{2964958F-C2B9-45B4-98C5-3BB7F92154A1}.Release|x86.Build.0 = Release|Win32
		{E2631AE3-0981-4FEB-B03E-7214BDCE1C4B}.Debug|x64.ActiveCfg = Debug|x64
		{E2631AE3-0981-4FEB-B03E-7214BDCE1C4B}.Debug|x64.Build.0 = Debug|x64
		{E2631AE3-0981-4FEB-B03E-7214BDCE1C4B}.Debug|x86.ActiveCfg = Debug|Win32
		{E2631AE3-0981-4FEB-B03E-7214BDCE1C4B}.Debug|x86.Build.0 = Debug|Win32
		{E2631AE3-0981-4FEB-B03E-7214BDCE1C4B}.Release|x64.ActiveCfg = Release|x64
		{E2631AE3-0981-4FEB-B03E-7214BDCE1C4B}.Release|x64.Build.0 = Release|x64
		{E2631AE3-0981-4FEB-B03E-7214BDCE1C4B}.Release|x86.ActiveCfg = Release|Win32
		{E2631AE3-0981-4FEB-B03E-7214BDCE1C4B}.Release|x86.Build.0 = Release|Win32
		{62841FAD-B736-40BA-AC61-E2CE0AC35DB9}.Debug|x64.ActiveCfg = Debug|x64
		{62841FAD-B736-40BA-AC61-E2CE0AC35DB9}.Debug|x64.Build.0 = Debug|x64
		{62841FAD-B736-40BA-AC61-E2CE0AC35DB9}.Debug|x86.ActiveCfg = Debug|Win32
		{62841FAD-B736-40BA-AC61-E2CE0AC35DB9}.Debug|x86.Build.0 = Debug|Win32
		{62841FAD-B736-40BA-AC61-E2CE0AC35DB9}.Release|x64.ActiveCfg = Release|x64
		{62841FAD-B736-40BA-AC61-E2CE0AC35DB9}.Release|x64.Build.0 = Release|x64
		{62841FAD-B736-40BA-AC61-E2CE0AC35DB9}.Release|x86.ActiveCfg = Release|Win32
		{62841FAD-B736-40BA-AC61-E2CE0AC35DB9}.Release|x86.Build.0 = Release|Win32
	EndGlobalSection
	GlobalSection(SolutionProperties) = preSolution
		HideSolutionNode = FALSE
	EndGlobalSection
	GlobalSection(ExtensibilityGlobals) = postSolution
		SolutionGuid = {26FB3E5C-C2F8-4E52-BDB8-3AC20620A2D5}
	EndGlobalSection
EndGlobal
