
Microsoft Visual Studio Solution File, Format Version 12.00
# Visual Studio Version 17
VisualStudioVersion = 17.0.32112.339
MinimumVisualStudioVersion = 10.0.40219.1
Project("{8BC9CEB8-8B4A-11D0-8D11-00A0C91BC942}") = "Lab1.Task1", "Lab1.Task1\Lab1.Task1.vcxproj", "{ACD452E9-7461-49A1-A3C1-887383A3214B}"
EndProject
Project("{8BC9CEB8-8B4A-11D0-8D11-00A0C91BC942}") = "Lab1.Task2", "Lab1.Task2\Lab1.Task2.vcxproj", "{71EF892C-3EA1-496D-9EE8-F2C6B00C521F}"
EndProject
Project("{8BC9CEB8-8B4A-11D0-8D11-00A0C91BC942}") = "Lab1.Task3", "Lab1.Task3\Lab1.Task3.vcxproj", "{D7773FB3-C156-42BA-8C98-F8098F6F537B}"
EndProject
Project("{8BC9CEB8-8B4A-11D0-8D11-00A0C91BC942}") = "Lab2.Task1", "Lab2.Task1\Lab2.Task1.vcxproj", "{36A23057-F809-4795-B08A-93CFAF107FAB}"
EndProject
Project("{8BC9CEB8-8B4A-11D0-8D11-00A0C91BC942}") = "Lab2.Task2", "Lab2.Task2\Lab2.Task2.vcxproj", "{B08194B5-F48B-4CD1-B9B8-152B91A3A865}"
EndProject
Project("{8BC9CEB8-8B4A-11D0-8D11-00A0C91BC942}") = "Lab2.Task3", "Lab2.Task3\Lab2.Task3.vcxproj", "{6F25F342-40B9-48CF-AFFE-189811ABBFBE}"
EndProject
Global
	GlobalSection(SolutionConfigurationPlatforms) = preSolution
		Debug|x64 = Debug|x64
		Debug|x86 = Debug|x86
		Release|x64 = Release|x64
		Release|x86 = Release|x86
	EndGlobalSection
	GlobalSection(ProjectConfigurationPlatforms) = postSolution
		{ACD452E9-7461-49A1-A3C1-887383A3214B}.Debug|x64.ActiveCfg = Debug|x64
		{ACD452E9-7461-49A1-A3C1-887383A3214B}.Debug|x64.Build.0 = Debug|x64
		{ACD452E9-7461-49A1-A3C1-887383A3214B}.Debug|x86.ActiveCfg = Debug|Win32
		{ACD452E9-7461-49A1-A3C1-887383A3214B}.Debug|x86.Build.0 = Debug|Win32
		{ACD452E9-7461-49A1-A3C1-887383A3214B}.Release|x64.ActiveCfg = Release|x64
		{ACD452E9-7461-49A1-A3C1-887383A3214B}.Release|x64.Build.0 = Release|x64
		{ACD452E9-7461-49A1-A3C1-887383A3214B}.Release|x86.ActiveCfg = Release|Win32
		{ACD452E9-7461-49A1-A3C1-887383A3214B}.Release|x86.Build.0 = Release|Win32
		{71EF892C-3EA1-496D-9EE8-F2C6B00C521F}.Debug|x64.ActiveCfg = Debug|x64
		{71EF892C-3EA1-496D-9EE8-F2C6B00C521F}.Debug|x64.Build.0 = Debug|x64
		{71EF892C-3EA1-496D-9EE8-F2C6B00C521F}.Debug|x86.ActiveCfg = Debug|Win32
		{71EF892C-3EA1-496D-9EE8-F2C6B00C521F}.Debug|x86.Build.0 = Debug|Win32
		{71EF892C-3EA1-496D-9EE8-F2C6B00C521F}.Release|x64.ActiveCfg = Release|x64
		{71EF892C-3EA1-496D-9EE8-F2C6B00C521F}.Release|x64.Build.0 = Release|x64
		{71EF892C-3EA1-496D-9EE8-F2C6B00C521F}.Release|x86.ActiveCfg = Release|Win32
		{71EF892C-3EA1-496D-9EE8-F2C6B00C521F}.Release|x86.Build.0 = Release|Win32
		{D7773FB3-C156-42BA-8C98-F8098F6F537B}.Debug|x64.ActiveCfg = Debug|x64
		{D7773FB3-C156-42BA-8C98-F8098F6F537B}.Debug|x64.Build.0 = Debug|x64
		{D7773FB3-C156-42BA-8C98-F8098F6F537B}.Debug|x86.ActiveCfg = Debug|Win32
		{D7773FB3-C156-42BA-8C98-F8098F6F537B}.Debug|x86.Build.0 = Debug|Win32
		{D7773FB3-C156-42BA-8C98-F8098F6F537B}.Release|x64.ActiveCfg = Release|x64
		{D7773FB3-C156-42BA-8C98-F8098F6F537B}.Release|x64.Build.0 = Release|x64
		{D7773FB3-C156-42BA-8C98-F8098F6F537B}.Release|x86.ActiveCfg = Release|Win32
		{D7773FB3-C156-42BA-8C98-F8098F6F537B}.Release|x86.Build.0 = Release|Win32
		{36A23057-F809-4795-B08A-93CFAF107FAB}.Debug|x64.ActiveCfg = Debug|x64
		{36A23057-F809-4795-B08A-93CFAF107FAB}.Debug|x64.Build.0 = Debug|x64
		{36A23057-F809-4795-B08A-93CFAF107FAB}.Debug|x86.ActiveCfg = Debug|Win32
		{36A23057-F809-4795-B08A-93CFAF107FAB}.Debug|x86.Build.0 = Debug|Win32
		{36A23057-F809-4795-B08A-93CFAF107FAB}.Release|x64.ActiveCfg = Release|x64
		{36A23057-F809-4795-B08A-93CFAF107FAB}.Release|x64.Build.0 = Release|x64
		{36A23057-F809-4795-B08A-93CFAF107FAB}.Release|x86.ActiveCfg = Release|Win32
		{36A23057-F809-4795-B08A-93CFAF107FAB}.Release|x86.Build.0 = Release|Win32
		{B08194B5-F48B-4CD1-B9B8-152B91A3A865}.Debug|x64.ActiveCfg = Debug|x64
		{B08194B5-F48B-4CD1-B9B8-152B91A3A865}.Debug|x64.Build.0 = Debug|x64
		{B08194B5-F48B-4CD1-B9B8-152B91A3A865}.Debug|x86.ActiveCfg = Debug|Win32
		{B08194B5-F48B-4CD1-B9B8-152B91A3A865}.Debug|x86.Build.0 = Debug|Win32
		{B08194B5-F48B-4CD1-B9B8-152B91A3A865}.Release|x64.ActiveCfg = Release|x64
		{B08194B5-F48B-4CD1-B9B8-152B91A3A865}.Release|x64.Build.0 = Release|x64
		{B08194B5-F48B-4CD1-B9B8-152B91A3A865}.Release|x86.ActiveCfg = Release|Win32
		{B08194B5-F48B-4CD1-B9B8-152B91A3A865}.Release|x86.Build.0 = Release|Win32
		{6F25F342-40B9-48CF-AFFE-189811ABBFBE}.Debug|x64.ActiveCfg = Debug|x64
		{6F25F342-40B9-48CF-AFFE-189811ABBFBE}.Debug|x64.Build.0 = Debug|x64
		{6F25F342-40B9-48CF-AFFE-189811ABBFBE}.Debug|x86.ActiveCfg = Debug|Win32
		{6F25F342-40B9-48CF-AFFE-189811ABBFBE}.Debug|x86.Build.0 = Debug|Win32
		{6F25F342-40B9-48CF-AFFE-189811ABBFBE}.Release|x64.ActiveCfg = Release|x64
		{6F25F342-40B9-48CF-AFFE-189811ABBFBE}.Release|x64.Build.0 = Release|x64
		{6F25F342-40B9-48CF-AFFE-189811ABBFBE}.Release|x86.ActiveCfg = Release|Win32
		{6F25F342-40B9-48CF-AFFE-189811ABBFBE}.Release|x86.Build.0 = Release|Win32
	EndGlobalSection
	GlobalSection(SolutionProperties) = preSolution
		HideSolutionNode = FALSE
	EndGlobalSection
	GlobalSection(ExtensibilityGlobals) = postSolution
		SolutionGuid = {26FB3E5C-C2F8-4E52-BDB8-3AC20620A2D5}
	EndGlobalSection
EndGlobal
